<?xml version="1.0" encoding="utf-8"?>
<Project ToolsVersion="4.0" xmlns="http://schemas.microsoft.com/developer/msbuild/2003">
  <ItemGroup>
    <Filter Include="common">
      <UniqueIdentifier>{2c0efdf7-1ce1-4311-8969-f95d10f20340}</UniqueIdentifier>
    </Filter>
  </ItemGroup>
  <ItemGroup>
    <ClInclude Include="base_application.h" />
    <ClInclude Include="ui_application.h" />
    <ClInclude Include="..\common\gui_filesystem_win.h">
      <Filter>common</Filter>
    </ClInclude>
    <ClInclude Include="..\common\gui_log_win.h">
      <Filter>common</Filter>
    </ClInclude>
  </ItemGroup>
  <ItemGroup>
    <ClCompile Include="main.cpp" />
    <ClCompile Include="base_application.cpp" />
    <ClCompile Include="ui_application.cpp" />
    <ClCompile Include="console_win32.cpp">
      <Filter>common</Filter>
    </ClCompile>
  </ItemGroup>
</Project>